
Microsoft Visual Studio Solution File, Format Version 12.00
# Visual Studio 15
VisualStudioVersion = 15.0.26730.3
MinimumVisualStudioVersion = 10.0.40219.1
Project("{FAE04EC0-301F-11D3-BF4B-00C04F79EFBC}") = "Emby.Naming", "Emby.Naming\Emby.Naming.csproj", "{59BCEB40-2E45-4E97-91AF-ED171BB699A2}"
EndProject
Project("{FAE04EC0-301F-11D3-BF4B-00C04F79EFBC}") = "Emby.Naming.Tests", "Emby.Naming.Tests\Emby.Naming.Tests.csproj", "{D9878B68-94BF-4341-8107-1A3D6D437B10}"
EndProject
Global
	GlobalSection(SolutionConfigurationPlatforms) = preSolution
		Debug|Any CPU = Debug|Any CPU
		Release|Any CPU = Release|Any CPU
	EndGlobalSection
	GlobalSection(ProjectConfigurationPlatforms) = postSolution
		{59BCEB40-2E45-4E97-91AF-ED171BB699A2}.Debug|Any CPU.ActiveCfg = Debug|Any CPU
		{59BCEB40-2E45-4E97-91AF-ED171BB699A2}.Debug|Any CPU.Build.0 = Debug|Any CPU
		{59BCEB40-2E45-4E97-91AF-ED171BB699A2}.Release|Any CPU.ActiveCfg = Release|Any CPU
		{59BCEB40-2E45-4E97-91AF-ED171BB699A2}.Release|Any CPU.Build.0 = Release|Any CPU
		{D9878B68-94BF-4341-8107-1A3D6D437B10}.Debug|Any CPU.ActiveCfg = Debug|Any CPU
		{D9878B68-94BF-4341-8107-1A3D6D437B10}.Debug|Any CPU.Build.0 = Debug|Any CPU
		{D9878B68-94BF-4341-8107-1A3D6D437B10}.Release|Any CPU.ActiveCfg = Release|Any CPU
		{D9878B68-94BF-4341-8107-1A3D6D437B10}.Release|Any CPU.Build.0 = Release|Any CPU
	EndGlobalSection
	GlobalSection(SolutionProperties) = preSolution
		HideSolutionNode = FALSE
	EndGlobalSection
	GlobalSection(ExtensibilityGlobals) = postSolution
		SolutionGuid = {33864193-8D82-4E4D-AE70-B649F2DD6BDC}
	EndGlobalSection
EndGlobal
