
Microsoft Visual Studio Solution File, Format Version 12.00
# Visual Studio 2013
VisualStudioVersion = 12.0.31101.0
MinimumVisualStudioVersion = 10.0.40219.1
Project("{FAE04EC0-301F-11D3-BF4B-00C04F79EFBC}") = "MediaBrowser.Naming", "MediaBrowser.Naming\MediaBrowser.Naming.csproj", "{114D3739-08DD-4FF2-A6DD-EB66F802EE61}"
EndProject
Project("{FAE04EC0-301F-11D3-BF4B-00C04F79EFBC}") = "MediaBrowser.Naming.Tests", "MediaBrowser.Naming.Tests\MediaBrowser.Naming.Tests.csproj", "{B8127B9D-49D1-4944-818E-253FFBF9728D}"
EndProject
Global
	GlobalSection(SolutionConfigurationPlatforms) = preSolution
		Debug|Any CPU = Debug|Any CPU
		Release|Any CPU = Release|Any CPU
	EndGlobalSection
	GlobalSection(ProjectConfigurationPlatforms) = postSolution
		{114D3739-08DD-4FF2-A6DD-EB66F802EE61}.Debug|Any CPU.ActiveCfg = Debug|Any CPU
		{114D3739-08DD-4FF2-A6DD-EB66F802EE61}.Debug|Any CPU.Build.0 = Debug|Any CPU
		{114D3739-08DD-4FF2-A6DD-EB66F802EE61}.Release|Any CPU.ActiveCfg = Release|Any CPU
		{114D3739-08DD-4FF2-A6DD-EB66F802EE61}.Release|Any CPU.Build.0 = Release|Any CPU
		{B8127B9D-49D1-4944-818E-253FFBF9728D}.Debug|Any CPU.ActiveCfg = Debug|Any CPU
		{B8127B9D-49D1-4944-818E-253FFBF9728D}.Debug|Any CPU.Build.0 = Debug|Any CPU
		{B8127B9D-49D1-4944-818E-253FFBF9728D}.Release|Any CPU.ActiveCfg = Release|Any CPU
		{B8127B9D-49D1-4944-818E-253FFBF9728D}.Release|Any CPU.Build.0 = Release|Any CPU
	EndGlobalSection
	GlobalSection(SolutionProperties) = preSolution
		HideSolutionNode = FALSE
	EndGlobalSection
EndGlobal
